
Microsoft Visual Studio Solution File, Format Version 12.00
# Visual Studio Version 17
VisualStudioVersion = 17.0.32014.148
MinimumVisualStudioVersion = 10.0.40219.1
Project("{9A19103F-16F7-4668-BE54-9A1E7A4F7556}") = "WebAPI", "WebAPI.csproj", "{AE1FE33F-5C2B-4623-81DB-386A6E7BE612}"
EndProject
Project("{9A19103F-16F7-4668-BE54-9A1E7A4F7556}") = "BlazorApp", "..\BlazorApp\BlazorApp.csproj", "{DF01F432-1A72-44CA-AEAE-9323C2F38E3B}"
EndProject
Global
	GlobalSection(SolutionConfigurationPlatforms) = preSolution
		Debug|Any CPU = Debug|Any CPU
		Release|Any CPU = Release|Any CPU
	EndGlobalSection
	GlobalSection(ProjectConfigurationPlatforms) = postSolution
		{AE1FE33F-5C2B-4623-81DB-386A6E7BE612}.Debug|Any CPU.ActiveCfg = Debug|Any CPU
		{AE1FE33F-5C2B-4623-81DB-386A6E7BE612}.Debug|Any CPU.Build.0 = Debug|Any CPU
		{AE1FE33F-5C2B-4623-81DB-386A6E7BE612}.Release|Any CPU.ActiveCfg = Release|Any CPU
		{AE1FE33F-5C2B-4623-81DB-386A6E7BE612}.Release|Any CPU.Build.0 = Release|Any CPU
		{DF01F432-1A72-44CA-AEAE-9323C2F38E3B}.Debug|Any CPU.ActiveCfg = Debug|Any CPU
		{DF01F432-1A72-44CA-AEAE-9323C2F38E3B}.Debug|Any CPU.Build.0 = Debug|Any CPU
		{DF01F432-1A72-44CA-AEAE-9323C2F38E3B}.Release|Any CPU.ActiveCfg = Release|Any CPU
		{DF01F432-1A72-44CA-AEAE-9323C2F38E3B}.Release|Any CPU.Build.0 = Release|Any CPU
	EndGlobalSection
	GlobalSection(SolutionProperties) = preSolution
		HideSolutionNode = FALSE
	EndGlobalSection
	GlobalSection(ExtensibilityGlobals) = postSolution
		SolutionGuid = {2EE5FD0F-8CF6-49E8-9637-36202F63D482}
	EndGlobalSection
EndGlobal
